
Microsoft Visual Studio Solution File, Format Version 12.00
# Visual Studio Version 16
VisualStudioVersion = 16.0.30804.86
MinimumVisualStudioVersion = 10.0.40219.1
Project("{FAE04EC0-301F-11D3-BF4B-00C04F79EFBC}") = "OrderApp", "OrderApp\OrderApp.csproj", "{A327B336-EA80-4B33-803E-796FCB8C6B73}"
EndProject
Project("{FAE04EC0-301F-11D3-BF4B-00C04F79EFBC}") = "OrderAppTest", "OrderAppTest\OrderAppTest.csproj", "{AEA9FDD8-A12E-45D0-A645-79D8AA7B7FA2}"
EndProject
Global
	GlobalSection(SolutionConfigurationPlatforms) = preSolution
		Debug|Any CPU = Debug|Any CPU
		Release|Any CPU = Release|Any CPU
	EndGlobalSection
	GlobalSection(ProjectConfigurationPlatforms) = postSolution
		{A327B336-EA80-4B33-803E-796FCB8C6B73}.Debug|Any CPU.ActiveCfg = Debug|Any CPU
		{A327B336-EA80-4B33-803E-796FCB8C6B73}.Debug|Any CPU.Build.0 = Debug|Any CPU
		{A327B336-EA80-4B33-803E-796FCB8C6B73}.Release|Any CPU.ActiveCfg = Release|Any CPU
		{A327B336-EA80-4B33-803E-796FCB8C6B73}.Release|Any CPU.Build.0 = Release|Any CPU
		{AEA9FDD8-A12E-45D0-A645-79D8AA7B7FA2}.Debug|Any CPU.ActiveCfg = Debug|Any CPU
		{AEA9FDD8-A12E-45D0-A645-79D8AA7B7FA2}.Debug|Any CPU.Build.0 = Debug|Any CPU
		{AEA9FDD8-A12E-45D0-A645-79D8AA7B7FA2}.Release|Any CPU.ActiveCfg = Release|Any CPU
		{AEA9FDD8-A12E-45D0-A645-79D8AA7B7FA2}.Release|Any CPU.Build.0 = Release|Any CPU
	EndGlobalSection
	GlobalSection(SolutionProperties) = preSolution
		HideSolutionNode = FALSE
	EndGlobalSection
	GlobalSection(ExtensibilityGlobals) = postSolution
		SolutionGuid = {B3043799-C50A-4264-9CAF-1C659C86724D}
	EndGlobalSection
EndGlobal
